{
  "requires": true,
  "lockfileVersion": 1,
  "dependencies": {
    "graph-data-structure": {
      "version": "1.8.0",
      "resolved": "https://registry.npmjs.org/graph-data-structure/-/graph-data-structure-1.8.0.tgz",
      "integrity": "sha512-G2Jl7JLGsq0FGBvFMfKkQEwjnk+1//ssIirR5GTQxXBbKqYZkmjDFEVcJ8H87dVpw4D8lZDJj9v9ggnHWW8M+g=="
    }
  }
}
